{
  "name": "mindflow_suite",
  "version": "1.0.1",
  "lockfileVersion": 1,
  "requires": true,
  "dependencies": {
    "mindflow": {
      "version": "1.0.1",
      "resolved": "https://registry.npmjs.org/mindflow/-/mindflow-1.0.1.tgz",
      "integrity": "sha512-GQwD1qfuWDB2zWE9AjhLFl5Uxq5zITWf368BB0NW2kaIAFfWJkfeECfHdl2d49nc5qQBZl6pZzV1JsrToBL1sA=="
    },
    "mindflow_input": {
      "version": "1.0.2",
      "resolved": "https://registry.npmjs.org/mindflow_input/-/mindflow_input-1.0.2.tgz",
      "integrity": "sha512-CQasLwlQ7hB7h/HiVu5o5GQcysMbDu2NIm6Q078MxuBMRQPlIyl1W43qpPwVKgtfYdjcCaHy04nu1rowXKXxXQ==",
      "requires": {
        "mindflow": "1.0.1"
      }
    },
    "mindflow_log": {
      "version": "1.0.0",
      "resolved": "https://registry.npmjs.org/mindflow_log/-/mindflow_log-1.0.0.tgz",
      "integrity": "sha512-E0x+3tLe/QdYISMx0lqjbLAm5oAjHSOo0tt81n8hWe9Cq/Rho6RIT/jEG/FrVnUX/NrZrSQDunzeYClWmfu1nQ==",
      "requires": {
        "mindflow": "1.0.1"
      }
    },
    "mindflow_pipeline": {
      "version": "1.0.1",
      "resolved": "https://registry.npmjs.org/mindflow_pipeline/-/mindflow_pipeline-1.0.1.tgz",
      "integrity": "sha512-wMxH6XKZnd4L6U9yj/D5t8ijfWkeALR+VIZlQjVQHjMy3OWl5qNUBwG7QNFvPjc5xUqQ122TIHQSJJkRyNWXmQ==",
      "requires": {
        "mindflow": "1.0.1"
      }
    }
  }
}
